
Microsoft Visual Studio Solution File, Format Version 12.00
# Visual Studio Version 17
VisualStudioVersion = 17.8.34309.116
MinimumVisualStudioVersion = 10.0.40219.1
Project("{FAE04EC0-301F-11D3-BF4B-00C04F79EFBC}") = "TP Final", "TP Final\TP Final.csproj", "{DFF9436C-571B-4E9D-B0AA-48DACCCDC68C}"
EndProject
Project("{FAE04EC0-301F-11D3-BF4B-00C04F79EFBC}") = "BLL", "BLL\BLL.csproj", "{8F711FB0-3A89-4EFE-917B-82C80D777078}"
EndProject
Project("{FAE04EC0-301F-11D3-BF4B-00C04F79EFBC}") = "DAL", "DAL\DAL.csproj", "{A783A838-6BFE-4595-895F-EF8B3E4734FE}"
EndProject
Project("{FAE04EC0-301F-11D3-BF4B-00C04F79EFBC}") = "Entity", "Entity\Entity.csproj", "{2E1B8D51-4E36-42B2-BE45-B6D97773F083}"
EndProject
Global
	GlobalSection(SolutionConfigurationPlatforms) = preSolution
		Debug|Any CPU = Debug|Any CPU
		Release|Any CPU = Release|Any CPU
	EndGlobalSection
	GlobalSection(ProjectConfigurationPlatforms) = postSolution
		{DFF9436C-571B-4E9D-B0AA-48DACCCDC68C}.Debug|Any CPU.ActiveCfg = Debug|Any CPU
		{DFF9436C-571B-4E9D-B0AA-48DACCCDC68C}.Debug|Any CPU.Build.0 = Debug|Any CPU
		{DFF9436C-571B-4E9D-B0AA-48DACCCDC68C}.Release|Any CPU.ActiveCfg = Release|Any CPU
		{DFF9436C-571B-4E9D-B0AA-48DACCCDC68C}.Release|Any CPU.Build.0 = Release|Any CPU
		{8F711FB0-3A89-4EFE-917B-82C80D777078}.Debug|Any CPU.ActiveCfg = Debug|Any CPU
		{8F711FB0-3A89-4EFE-917B-82C80D777078}.Debug|Any CPU.Build.0 = Debug|Any CPU
		{8F711FB0-3A89-4EFE-917B-82C80D777078}.Release|Any CPU.ActiveCfg = Release|Any CPU
		{8F711FB0-3A89-4EFE-917B-82C80D777078}.Release|Any CPU.Build.0 = Release|Any CPU
		{A783A838-6BFE-4595-895F-EF8B3E4734FE}.Debug|Any CPU.ActiveCfg = Debug|Any CPU
		{A783A838-6BFE-4595-895F-EF8B3E4734FE}.Debug|Any CPU.Build.0 = Debug|Any CPU
		{A783A838-6BFE-4595-895F-EF8B3E4734FE}.Release|Any CPU.ActiveCfg = Release|Any CPU
		{A783A838-6BFE-4595-895F-EF8B3E4734FE}.Release|Any CPU.Build.0 = Release|Any CPU
		{2E1B8D51-4E36-42B2-BE45-B6D97773F083}.Debug|Any CPU.ActiveCfg = Debug|Any CPU
		{2E1B8D51-4E36-42B2-BE45-B6D97773F083}.Debug|Any CPU.Build.0 = Debug|Any CPU
		{2E1B8D51-4E36-42B2-BE45-B6D97773F083}.Release|Any CPU.ActiveCfg = Release|Any CPU
		{2E1B8D51-4E36-42B2-BE45-B6D97773F083}.Release|Any CPU.Build.0 = Release|Any CPU
	EndGlobalSection
	GlobalSection(SolutionProperties) = preSolution
		HideSolutionNode = FALSE
	EndGlobalSection
	GlobalSection(ExtensibilityGlobals) = postSolution
		SolutionGuid = {27C485D9-CE83-46BD-91E9-98D2564529FA}
	EndGlobalSection
EndGlobal
